// !$*UTF8*$!
{
	archiveVersion = 1;
	classes = {
	};
	objectVersion = 55;
	objects = {

/* Begin PBXBuildFile section */
		EDFD14BB28C4AE4900A3E22C /* AppDelegate.swift in Sources */ = {isa = PBXBuildFile; fileRef = EDFD14BA28C4AE4900A3E22C /* AppDelegate.swift */; };
		EDFD14BD28C4AE4900A3E22C /* SceneDelegate.swift in Sources */ = {isa = PBXBuildFile; fileRef = EDFD14BC28C4AE4900A3E22C /* SceneDelegate.swift */; };
		EDFD14BF28C4AE4900A3E22C /* ViewController.swift in Sources */ = {isa = PBXBuildFile; fileRef = EDFD14BE28C4AE4900A3E22C /* ViewController.swift */; };
		EDFD14C228C4AE4900A3E22C /* Main.storyboard in Resources */ = {isa = PBXBuildFile; fileRef = EDFD14C028C4AE4900A3E22C /* Main.storyboard */; };
		EDFD14C428C4AE4A00A3E22C /* Assets.xcassets in Resources */ = {isa = PBXBuildFile; fileRef = EDFD14C328C4AE4A00A3E22C /* Assets.xcassets */; };
		EDFD14C728C4AE4A00A3E22C /* LaunchScreen.storyboard in Resources */ = {isa = PBXBuildFile; fileRef = EDFD14C528C4AE4A00A3E22C /* LaunchScreen.storyboard */; };
		EDFD14D228C4AE4A00A3E22C /* NewAppTests.swift in Sources */ = {isa = PBXBuildFile; fileRef = EDFD14D128C4AE4A00A3E22C /* NewAppTests.swift */; };
		EDFD14DC28C4AE4A00A3E22C /* NewAppUITests.swift in Sources */ = {isa = PBXBuildFile; fileRef = EDFD14DB28C4AE4A00A3E22C /* NewAppUITests.swift */; };
		EDFD14DE28C4AE4A00A3E22C /* NewAppUITestsLaunchTests.swift in Sources */ = {isa = PBXBuildFile; fileRef = EDFD14DD28C4AE4A00A3E22C /* NewAppUITestsLaunchTests.swift */; };
/* End PBXBuildFile section */

/* Begin PBXContainerItemProxy section */
		EDFD14CE28C4AE4A00A3E22C /* PBXContainerItemProxy */ = {
			isa = PBXContainerItemProxy;
			containerPortal = EDFD14AF28C4AE4900A3E22C /* Project object */;
			proxyType = 1;
			remoteGlobalIDString = EDFD14B628C4AE4900A3E22C;
			remoteInfo = NewApp;
		};
		EDFD14D828C4AE4A00A3E22C /* PBXContainerItemProxy */ = {
			isa = PBXContainerItemProxy;
			containerPortal = EDFD14AF28C4AE4900A3E22C /* Project object */;
			proxyType = 1;
			remoteGlobalIDString = EDFD14B628C4AE4900A3E22C;
			remoteInfo = NewApp;
		};
/* End PBXContainerItemProxy section */

/* Begin PBXFileReference section */
		EDFD14B728C4AE4900A3E22C /* NewApp.app */ = {isa = PBXFileReference; explicitFileType = wrapper.application; includeInIndex = 0; path = NewApp.app; sourceTree = BUILT_PRODUCTS_DIR; };
		EDFD14BA28C4AE4900A3E22C /* AppDelegate.swift */ = {isa = PBXFileReference; lastKnownFileType = sourcecode.swift; path = AppDelegate.swift; sourceTree = "<group>"; };
		EDFD14BC28C4AE4900A3E22C /* SceneDelegate.swift */ = {isa = PBXFileReference; lastKnownFileType = sourcecode.swift; path = SceneDelegate.swift; sourceTree = "<group>"; };
		EDFD14BE28C4AE4900A3E22C /* ViewController.swift */ = {isa = PBXFileReference; lastKnownFileType = sourcecode.swift; path = ViewController.swift; sourceTree = "<group>"; };
		EDFD14C128C4AE4900A3E22C /* Base */ = {isa = PBXFileReference; lastKnownFileType = file.storyboard; name = Base; path = Base.lproj/Main.storyboard; sourceTree = "<group>"; };
		EDFD14C328C4AE4A00A3E22C /* Assets.xcassets */ = {isa = PBXFileReference; lastKnownFileType = folder.assetcatalog; path = Assets.xcassets; sourceTree = "<group>"; };
		EDFD14C628C4AE4A00A3E22C /* Base */ = {isa = PBXFileReference; lastKnownFileType = file.storyboard; name = Base; path = Base.lproj/LaunchScreen.storyboard; sourceTree = "<group>"; };
		EDFD14C828C4AE4A00A3E22C /* Info.plist */ = {isa = PBXFileReference; lastKnownFileType = text.plist.xml; path = Info.plist; sourceTree = "<group>"; };
		EDFD14CD28C4AE4A00A3E22C /* NewAppTests.xctest */ = {isa = PBXFileReference; explicitFileType = wrapper.cfbundle; includeInIndex = 0; path = NewAppTests.xctest; sourceTree = BUILT_PRODUCTS_DIR; };
		EDFD14D128C4AE4A00A3E22C /* NewAppTests.swift */ = {isa = PBXFileReference; lastKnownFileType = sourcecode.swift; path = NewAppTests.swift; sourceTree = "<group>"; };
		EDFD14D728C4AE4A00A3E22C /* NewAppUITests.xctest */ = {isa = PBXFileReference; explicitFileType = wrapper.cfbundle; includeInIndex = 0; path = NewAppUITests.xctest; sourceTree = BUILT_PRODUCTS_DIR; };
		EDFD14DB28C4AE4A00A3E22C /* NewAppUITests.swift */ = {isa = PBXFileReference; lastKnownFileType = sourcecode.swift; path = NewAppUITests.swift; sourceTree = "<group>"; };
		EDFD14DD28C4AE4A00A3E22C /* NewAppUITestsLaunchTests.swift */ = {isa = PBXFileReference; lastKnownFileType = sourcecode.swift; path = NewAppUITestsLaunchTests.swift; sourceTree = "<group>"; };
/* End PBXFileReference section */

/* Begin PBXFrameworksBuildPhase section */
		EDFD14B428C4AE4900A3E22C /* Frameworks */ = {
			isa = PBXFrameworksBuildPhase;
			buildActionMask = 2147483647;
			files = (
			);
			runOnlyForDeploymentPostprocessing = 0;
		};
		EDFD14CA28C4AE4A00A3E22C /* Frameworks */ = {
			isa = PBXFrameworksBuildPhase;
			buildActionMask = 2147483647;
			files = (
			);
			runOnlyForDeploymentPostprocessing = 0;
		};
		EDFD14D428C4AE4A00A3E22C /* Frameworks */ = {
			isa = PBXFrameworksBuildPhase;
			buildActionMask = 2147483647;
			files = (
			);
			runOnlyForDeploymentPostprocessing = 0;
		};
/* End PBXFrameworksBuildPhase section */

/* Begin PBXGroup section */
		EDFD14AE28C4AE4900A3E22C = {
			isa = PBXGroup;
			children = (
				EDFD14B928C4AE4900A3E22C /* NewApp */,
				EDFD14D028C4AE4A00A3E22C /* NewAppTests */,
				EDFD14DA28C4AE4A00A3E22C /* NewAppUITests */,
				EDFD14B828C4AE4900A3E22C /* Products */,
			);
			sourceTree = "<group>";
		};
		EDFD14B828C4AE4900A3E22C /* Products */ = {
			isa = PBXGroup;
			children = (
				EDFD14B728C4AE4900A3E22C /* NewApp.app */,
				EDFD14CD28C4AE4A00A3E22C /* NewAppTests.xctest */,
				EDFD14D728C4AE4A00A3E22C /* NewAppUITests.xctest */,
			);
			name = Products;
			sourceTree = "<group>";
		};
		EDFD14B928C4AE4900A3E22C /* NewApp */ = {
			isa = PBXGroup;
			children = (
				EDFD14BA28C4AE4900A3E22C /* AppDelegate.swift */,
				EDFD14BC28C4AE4900A3E22C /* SceneDelegate.swift */,
				EDFD14BE28C4AE4900A3E22C /* ViewController.swift */,
				EDFD14C028C4AE4900A3E22C /* Main.storyboard */,
				EDFD14C328C4AE4A00A3E22C /* Assets.xcassets */,
				EDFD14C528C4AE4A00A3E22C /* LaunchScreen.storyboard */,
				EDFD14C828C4AE4A00A3E22C /* Info.plist */,
			);
			path = NewApp;
			sourceTree = "<group>";
		};
		EDFD14D028C4AE4A00A3E22C /* NewAppTests */ = {
			isa = PBXGroup;
			children = (
				EDFD14D128C4AE4A00A3E22C /* NewAppTests.swift */,
			);
			path = NewAppTests;
			sourceTree = "<group>";
		};
		EDFD14DA28C4AE4A00A3E22C /* NewAppUITests */ = {
			isa = PBXGroup;
			children = (
				EDFD14DB28C4AE4A00A3E22C /* NewAppUITests.swift */,
				EDFD14DD28C4AE4A00A3E22C /* NewAppUITestsLaunchTests.swift */,
			);
			path = NewAppUITests;
			sourceTree = "<group>";
		};
/* End PBXGroup section */

/* Begin PBXNativeTarget section */
		EDFD14B628C4AE4900A3E22C /* NewApp */ = {
			isa = PBXNativeTarget;
			buildConfigurationList = EDFD14E128C4AE4A00A3E22C /* Build configuration list for PBXNativeTarget "NewApp" */;
			buildPhases = (
				EDFD14B328C4AE4900A3E22C /* Sources */,
				EDFD14B428C4AE4900A3E22C /* Frameworks */,
				EDFD14B528C4AE4900A3E22C /* Resources */,
			);
			buildRules = (
			);
			dependencies = (
			);
			name = NewApp;
			productName = NewApp;
			productReference = EDFD14B728C4AE4900A3E22C /* NewApp.app */;
			productType = "com.apple.product-type.application";
		};
		EDFD14CC28C4AE4A00A3E22C /* NewAppTests */ = {
			isa = PBXNativeTarget;
			buildConfigurationList = EDFD14E428C4AE4A00A3E22C /* Build configuration list for PBXNativeTarget "NewAppTests" */;
			buildPhases = (
				EDFD14C928C4AE4A00A3E22C /* Sources */,
				EDFD14CA28C4AE4A00A3E22C /* Frameworks */,
				EDFD14CB28C4AE4A00A3E22C /* Resources */,
			);
			buildRules = (
			);
			dependencies = (
				EDFD14CF28C4AE4A00A3E22C /* PBXTargetDependency */,
			);
			name = NewAppTests;
			productName = NewAppTests;
			productReference = EDFD14CD28C4AE4A00A3E22C /* NewAppTests.xctest */;
			productType = "com.apple.product-type.bundle.unit-test";
		};
		EDFD14D628C4AE4A00A3E22C /* NewAppUITests */ = {
			isa = PBXNativeTarget;
			buildConfigurationList = EDFD14E728C4AE4A00A3E22C /* Build configuration list for PBXNativeTarget "NewAppUITests" */;
			buildPhases = (
				EDFD14D328C4AE4A00A3E22C /* Sources */,
				EDFD14D428C4AE4A00A3E22C /* Frameworks */,
				EDFD14D528C4AE4A00A3E22C /* Resources */,
			);
			buildRules = (
			);
			dependencies = (
				EDFD14D928C4AE4A00A3E22C /* PBXTargetDependency */,
			);
			name = NewAppUITests;
			productName = NewAppUITests;
			productReference = EDFD14D728C4AE4A00A3E22C /* NewAppUITests.xctest */;
			productType = "com.apple.product-type.bundle.ui-testing";
		};
/* End PBXNativeTarget section */

/* Begin PBXProject section */
		EDFD14AF28C4AE4900A3E22C /* Project object */ = {
			isa = PBXProject;
			attributes = {
				BuildIndependentTargetsInParallel = 1;
				LastSwiftUpdateCheck = 1340;
				LastUpgradeCheck = 1340;
				TargetAttributes = {
					EDFD14B628C4AE4900A3E22C = {
						CreatedOnToolsVersion = 13.4.1;
					};
					EDFD14CC28C4AE4A00A3E22C = {
						CreatedOnToolsVersion = 13.4.1;
						TestTargetID = EDFD14B628C4AE4900A3E22C;
					};
					EDFD14D628C4AE4A00A3E22C = {
						CreatedOnToolsVersion = 13.4.1;
						TestTargetID = EDFD14B628C4AE4900A3E22C;
					};
				};
			};
			buildConfigurationList = EDFD14B228C4AE4900A3E22C /* Build configuration list for PBXProject "NewApp" */;
			compatibilityVersion = "Xcode 13.0";
			developmentRegion = en;
			hasScannedForEncodings = 0;
			knownRegions = (
				en,
				Base,
			);
			mainGroup = EDFD14AE28C4AE4900A3E22C;
			productRefGroup = EDFD14B828C4AE4900A3E22C /* Products */;
			projectDirPath = "";
			projectRoot = "";
			targets = (
				EDFD14B628C4AE4900A3E22C /* NewApp */,
				EDFD14CC28C4AE4A00A3E22C /* NewAppTests */,
				EDFD14D628C4AE4A00A3E22C /* NewAppUITests */,
			);
		};
/* End PBXProject section */

/* Begin PBXResourcesBuildPhase section */
		EDFD14B528C4AE4900A3E22C /* Resources */ = {
			isa = PBXResourcesBuildPhase;
			buildActionMask = 2147483647;
			files = (
				EDFD14C728C4AE4A00A3E22C /* LaunchScreen.storyboard in Resources */,
				EDFD14C428C4AE4A00A3E22C /* Assets.xcassets in Resources */,
				EDFD14C228C4AE4900A3E22C /* Main.storyboard in Resources */,
			);
			runOnlyForDeploymentPostprocessing = 0;
		};
		EDFD14CB28C4AE4A00A3E22C /* Resources */ = {
			isa = PBXResourcesBuildPhase;
			buildActionMask = 2147483647;
			files = (
			);
			runOnlyForDeploymentPostprocessing = 0;
		};
		EDFD14D528C4AE4A00A3E22C /* Resources */ = {
			isa = PBXResourcesBuildPhase;
			buildActionMask = 2147483647;
			files = (
			);
			runOnlyForDeploymentPostprocessing = 0;
		};
/* End PBXResourcesBuildPhase section */

/* Begin PBXSourcesBuildPhase section */
		EDFD14B328C4AE4900A3E22C /* Sources */ = {
			isa = PBXSourcesBuildPhase;
			buildActionMask = 2147483647;
			files = (
				EDFD14BF28C4AE4900A3E22C /* ViewController.swift in Sources */,
				EDFD14BB28C4AE4900A3E22C /* AppDelegate.swift in Sources */,
				EDFD14BD28C4AE4900A3E22C /* SceneDelegate.swift in Sources */,
			);
			runOnlyForDeploymentPostprocessing = 0;
		};
		EDFD14C928C4AE4A00A3E22C /* Sources */ = {
			isa = PBXSourcesBuildPhase;
			buildActionMask = 2147483647;
			files = (
				EDFD14D228C4AE4A00A3E22C /* NewAppTests.swift in Sources */,
			);
			runOnlyForDeploymentPostprocessing = 0;
		};
		EDFD14D328C4AE4A00A3E22C /* Sources */ = {
			isa = PBXSourcesBuildPhase;
			buildActionMask = 2147483647;
			files = (
				EDFD14DC28C4AE4A00A3E22C /* NewAppUITests.swift in Sources */,
				EDFD14DE28C4AE4A00A3E22C /* NewAppUITestsLaunchTests.swift in Sources */,
			);
			runOnlyForDeploymentPostprocessing = 0;
		};
/* End PBXSourcesBuildPhase section */

/* Begin PBXTargetDependency section */
		EDFD14CF28C4AE4A00A3E22C /* PBXTargetDependency */ = {
			isa = PBXTargetDependency;
			target = EDFD14B628C4AE4900A3E22C /* NewApp */;
			targetProxy = EDFD14CE28C4AE4A00A3E22C /* PBXContainerItemProxy */;
		};
		EDFD14D928C4AE4A00A3E22C /* PBXTargetDependency */ = {
			isa = PBXTargetDependency;
			target = EDFD14B628C4AE4900A3E22C /* NewApp */;
			targetProxy = EDFD14D828C4AE4A00A3E22C /* PBXContainerItemProxy */;
		};
/* End PBXTargetDependency section */

/* Begin PBXVariantGroup section */
		EDFD14C028C4AE4900A3E22C /* Main.storyboard */ = {
			isa = PBXVariantGroup;
			children = (
				EDFD14C128C4AE4900A3E22C /* Base */,
			);
			name = Main.storyboard;
			sourceTree = "<group>";
		};
		EDFD14C528C4AE4A00A3E22C /* LaunchScreen.storyboard */ = {
			isa = PBXVariantGroup;
			children = (
				EDFD14C628C4AE4A00A3E22C /* Base */,
			);
			name = LaunchScreen.storyboard;
			sourceTree = "<group>";
		};
/* End PBXVariantGroup section */

/* Begin XCBuildConfiguration section */
		EDFD14DF28C4AE4A00A3E22C /* Debug */ = {
			isa = XCBuildConfiguration;
			buildSettings = {
				ALWAYS_SEARCH_USER_PATHS = NO;
				CLANG_ANALYZER_NONNULL = YES;
				CLANG_ANALYZER_NUMBER_OBJECT_CONVERSION = YES_AGGRESSIVE;
				CLANG_CXX_LANGUAGE_STANDARD = "gnu++17";
				CLANG_ENABLE_MODULES = YES;
				CLANG_ENABLE_OBJC_ARC = YES;
				CLANG_ENABLE_OBJC_WEAK = YES;
				CLANG_WARN_BLOCK_CAPTURE_AUTORELEASING = YES;
				CLANG_WARN_BOOL_CONVERSION = YES;
				CLANG_WARN_COMMA = YES;
				CLANG_WARN_CONSTANT_CONVERSION = YES;
				CLANG_WARN_DEPRECATED_OBJC_IMPLEMENTATIONS = YES;
				CLANG_WARN_DIRECT_OBJC_ISA_USAGE = YES_ERROR;
				CLANG_WARN_DOCUMENTATION_COMMENTS = YES;
				CLANG_WARN_EMPTY_BODY = YES;
				CLANG_WARN_ENUM_CONVERSION = YES;
				CLANG_WARN_INFINITE_RECURSION = YES;
				CLANG_WARN_INT_CONVERSION = YES;
				CLANG_WARN_NON_LITERAL_NULL_CONVERSION = YES;
				CLANG_WARN_OBJC_IMPLICIT_RETAIN_SELF = YES;
				CLANG_WARN_OBJC_LITERAL_CONVERSION = YES;
				CLANG_WARN_OBJC_ROOT_CLASS = YES_ERROR;
				CLANG_WARN_QUOTED_INCLUDE_IN_FRAMEWORK_HEADER = YES;
				CLANG_WARN_RANGE_LOOP_ANALYSIS = YES;
				CLANG_WARN_STRICT_PROTOTYPES = YES;
				CLANG_WARN_SUSPICIOUS_MOVE = YES;
				CLANG_WARN_UNGUARDED_AVAILABILITY = YES_AGGRESSIVE;
				CLANG_WARN_UNREACHABLE_CODE = YES;
				CLANG_WARN__DUPLICATE_METHOD_MATCH = YES;
				COPY_PHASE_STRIP = NO;
				DEBUG_INFORMATION_FORMAT = dwarf;
				ENABLE_STRICT_OBJC_MSGSEND = YES;
				ENABLE_TESTABILITY = YES;
				GCC_C_LANGUAGE_STANDARD = gnu11;
				GCC_DYNAMIC_NO_PIC = NO;
				GCC_NO_COMMON_BLOCKS = YES;
				GCC_OPTIMIZATION_LEVEL = 0;
				GCC_PREPROCESSOR_DEFINITIONS = (
					"DEBUG=1",
					"$(inherited)",
				);
				GCC_WARN_64_TO_32_BIT_CONVERSION = YES;
				GCC_WARN_ABOUT_RETURN_TYPE = YES_ERROR;
				GCC_WARN_UNDECLARED_SELECTOR = YES;
				GCC_WARN_UNINITIALIZED_AUTOS = YES_AGGRESSIVE;
				GCC_WARN_UNUSED_FUNCTION = YES;
				GCC_WARN_UNUSED_VARIABLE = YES;
				IPHONEOS_DEPLOYMENT_TARGET = 15.5;
				MTL_ENABLE_DEBUG_INFO = INCLUDE_SOURCE;
				MTL_FAST_MATH = YES;
				ONLY_ACTIVE_ARCH = YES;
				SDKROOT = iphoneos;
				SWIFT_ACTIVE_COMPILATION_CONDITIONS = DEBUG;
				SWIFT_OPTIMIZATION_LEVEL = "-Onone";
			};
			name = Debug;
		};
		EDFD14E028C4AE4A00A3E22C /* Release */ = {
			isa = XCBuildConfiguration;
			buildSettings = {
				ALWAYS_SEARCH_USER_PATHS = NO;
				CLANG_ANALYZER_NONNULL = YES;
				CLANG_ANALYZER_NUMBER_OBJECT_CONVERSION = YES_AGGRESSIVE;
				CLANG_CXX_LANGUAGE_STANDARD = "gnu++17";
				CLANG_ENABLE_MODULES = YES;
				CLANG_ENABLE_OBJC_ARC = YES;
				CLANG_ENABLE_OBJC_WEAK = YES;
				CLANG_WARN_BLOCK_CAPTURE_AUTORELEASING = YES;
				CLANG_WARN_BOOL_CONVERSION = YES;
				CLANG_WARN_COMMA = YES;
				CLANG_WARN_CONSTANT_CONVERSION = YES;
				CLANG_WARN_DEPRECATED_OBJC_IMPLEMENTATIONS = YES;
				CLANG_WARN_DIRECT_OBJC_ISA_USAGE = YES_ERROR;
				CLANG_WARN_DOCUMENTATION_COMMENTS = YES;
				CLANG_WARN_EMPTY_BODY = YES;
				CLANG_WARN_ENUM_CONVERSION = YES;
				CLANG_WARN_INFINITE_RECURSION = YES;
				CLANG_WARN_INT_CONVERSION = YES;
				CLANG_WARN_NON_LITERAL_NULL_CONVERSION = YES;
				CLANG_WARN_OBJC_IMPLICIT_RETAIN_SELF = YES;
				CLANG_WARN_OBJC_LITERAL_CONVERSION = YES;
				CLANG_WARN_OBJC_ROOT_CLASS = YES_ERROR;
				CLANG_WARN_QUOTED_INCLUDE_IN_FRAMEWORK_HEADER = YES;
				CLANG_WARN_RANGE_LOOP_ANALYSIS = YES;
				CLANG_WARN_STRICT_PROTOTYPES = YES;
				CLANG_WARN_SUSPICIOUS_MOVE = YES;
				CLANG_WARN_UNGUARDED_AVAILABILITY = YES_AGGRESSIVE;
				CLANG_WARN_UNREACHABLE_CODE = YES;
				CLANG_WARN__DUPLICATE_METHOD_MATCH = YES;
				COPY_PHASE_STRIP = NO;
				DEBUG_INFORMATION_FORMAT = "dwarf-with-dsym";
				ENABLE_NS_ASSERTIONS = NO;
				ENABLE_STRICT_OBJC_MSGSEND = YES;
				GCC_C_LANGUAGE_STANDARD = gnu11;
				GCC_NO_COMMON_BLOCKS = YES;
				GCC_WARN_64_TO_32_BIT_CONVERSION = YES;
				GCC_WARN_ABOUT_RETURN_TYPE = YES_ERROR;
				GCC_WARN_UNDECLARED_SELECTOR = YES;
				GCC_WARN_UNINITIALIZED_AUTOS = YES_AGGRESSIVE;
				GCC_WARN_UNUSED_FUNCTION = YES;
				GCC_WARN_UNUSED_VARIABLE = YES;
				IPHONEOS_DEPLOYMENT_TARGET = 15.5;
				MTL_ENABLE_DEBUG_INFO = NO;
				MTL_FAST_MATH = YES;
				SDKROOT = iphoneos;
				SWIFT_COMPILATION_MODE = wholemodule;
				SWIFT_OPTIMIZATION_LEVEL = "-O";
				VALIDATE_PRODUCT = YES;
			};
			name = Release;
		};
		EDFD14E228C4AE4A00A3E22C /* Debug */ = {
			isa = XCBuildConfiguration;
			buildSettings = {
				ASSETCATALOG_COMPILER_APPICON_NAME = AppIcon;
				ASSETCATALOG_COMPILER_GLOBAL_ACCENT_COLOR_NAME = AccentColor;
				CODE_SIGN_STYLE = Automatic;
				CURRENT_PROJECT_VERSION = 1;
				GENERATE_INFOPLIST_FILE = YES;
				INFOPLIST_FILE = NewApp/Info.plist;
				INFOPLIST_KEY_CFBundleDisplayName = "СолнцеЛуна";
				INFOPLIST_KEY_UIApplicationSupportsIndirectInputEvents = YES;
				INFOPLIST_KEY_UILaunchStoryboardName = LaunchScreen;
				INFOPLIST_KEY_UIMainStoryboardFile = Main;
				INFOPLIST_KEY_UISupportedInterfaceOrientations_iPad = "UIInterfaceOrientationPortrait UIInterfaceOrientationPortraitUpsideDown UIInterfaceOrientationLandscapeLeft UIInterfaceOrientationLandscapeRight";
				INFOPLIST_KEY_UISupportedInterfaceOrientations_iPhone = "UIInterfaceOrientationPortrait UIInterfaceOrientationLandscapeLeft UIInterfaceOrientationLandscapeRight";
				LD_RUNPATH_SEARCH_PATHS = (
					"$(inherited)",
					"@executable_path/Frameworks",
				);
				MARKETING_VERSION = 1.0;
				PRODUCT_BUNDLE_IDENTIFIER = test1.NewApp;
				PRODUCT_NAME = "$(TARGET_NAME)";
				SWIFT_EMIT_LOC_STRINGS = YES;
				SWIFT_VERSION = 5.0;
				TARGETED_DEVICE_FAMILY = "1,2";
			};
			name = Debug;
		};
		EDFD14E328C4AE4A00A3E22C /* Release */ = {
			isa = XCBuildConfiguration;
			buildSettings = {
				ASSETCATALOG_COMPILER_APPICON_NAME = AppIcon;
				ASSETCATALOG_COMPILER_GLOBAL_ACCENT_COLOR_NAME = AccentColor;
				CODE_SIGN_STYLE = Automatic;
				CURRENT_PROJECT_VERSION = 1;
				GENERATE_INFOPLIST_FILE = YES;
				INFOPLIST_FILE = NewApp/Info.plist;
				INFOPLIST_KEY_CFBundleDisplayName = "СолнцеЛуна";
				INFOPLIST_KEY_UIApplicationSupportsIndirectInputEvents = YES;
				INFOPLIST_KEY_UILaunchStoryboardName = LaunchScreen;
				INFOPLIST_KEY_UIMainStoryboardFile = Main;
				INFOPLIST_KEY_UISupportedInterfaceOrientations_iPad = "UIInterfaceOrientationPortrait UIInterfaceOrientationPortraitUpsideDown UIInterfaceOrientationLandscapeLeft UIInterfaceOrientationLandscapeRight";
				INFOPLIST_KEY_UISupportedInterfaceOrientations_iPhone = "UIInterfaceOrientationPortrait UIInterfaceOrientationLandscapeLeft UIInterfaceOrientationLandscapeRight";
				LD_RUNPATH_SEARCH_PATHS = (
					"$(inherited)",
					"@executable_path/Frameworks",
				);
				MARKETING_VERSION = 1.0;
				PRODUCT_BUNDLE_IDENTIFIER = test1.NewApp;
				PRODUCT_NAME = "$(TARGET_NAME)";
				SWIFT_EMIT_LOC_STRINGS = YES;
				SWIFT_VERSION = 5.0;
				TARGETED_DEVICE_FAMILY = "1,2";
			};
			name = Release;
		};
		EDFD14E528C4AE4A00A3E22C /* Debug */ = {
			isa = XCBuildConfiguration;
			buildSettings = {
				ALWAYS_EMBED_SWIFT_STANDARD_LIBRARIES = YES;
				BUNDLE_LOADER = "$(TEST_HOST)";
				CODE_SIGN_STYLE = Automatic;
				CURRENT_PROJECT_VERSION = 1;
				GENERATE_INFOPLIST_FILE = YES;
				IPHONEOS_DEPLOYMENT_TARGET = 15.5;
				MARKETING_VERSION = 1.0;
				PRODUCT_BUNDLE_IDENTIFIER = test1.NewAppTests;
				PRODUCT_NAME = "$(TARGET_NAME)";
				SWIFT_EMIT_LOC_STRINGS = NO;
				SWIFT_VERSION = 5.0;
				TARGETED_DEVICE_FAMILY = "1,2";
				TEST_HOST = "$(BUILT_PRODUCTS_DIR)/NewApp.app/NewApp";
			};
			name = Debug;
		};
		EDFD14E628C4AE4A00A3E22C /* Release */ = {
			isa = XCBuildConfiguration;
			buildSettings = {
				ALWAYS_EMBED_SWIFT_STANDARD_LIBRARIES = YES;
				BUNDLE_LOADER = "$(TEST_HOST)";
				CODE_SIGN_STYLE = Automatic;
				CURRENT_PROJECT_VERSION = 1;
				GENERATE_INFOPLIST_FILE = YES;
				IPHONEOS_DEPLOYMENT_TARGET = 15.5;
				MARKETING_VERSION = 1.0;
				PRODUCT_BUNDLE_IDENTIFIER = test1.NewAppTests;
				PRODUCT_NAME = "$(TARGET_NAME)";
				SWIFT_EMIT_LOC_STRINGS = NO;
				SWIFT_VERSION = 5.0;
				TARGETED_DEVICE_FAMILY = "1,2";
				TEST_HOST = "$(BUILT_PRODUCTS_DIR)/NewApp.app/NewApp";
			};
			name = Release;
		};
		EDFD14E828C4AE4A00A3E22C /* Debug */ = {
			isa = XCBuildConfiguration;
			buildSettings = {
				ALWAYS_EMBED_SWIFT_STANDARD_LIBRARIES = YES;
				CODE_SIGN_STYLE = Automatic;
				CURRENT_PROJECT_VERSION = 1;
				GENERATE_INFOPLIST_FILE = YES;
				MARKETING_VERSION = 1.0;
				PRODUCT_BUNDLE_IDENTIFIER = test1.NewAppUITests;
				PRODUCT_NAME = "$(TARGET_NAME)";
				SWIFT_EMIT_LOC_STRINGS = NO;
				SWIFT_VERSION = 5.0;
				TARGETED_DEVICE_FAMILY = "1,2";
				TEST_TARGET_NAME = NewApp;
			};
			name = Debug;
		};
		EDFD14E928C4AE4A00A3E22C /* Release */ = {
			isa = XCBuildConfiguration;
			buildSettings = {
				ALWAYS_EMBED_SWIFT_STANDARD_LIBRARIES = YES;
				CODE_SIGN_STYLE = Automatic;
				CURRENT_PROJECT_VERSION = 1;
				GENERATE_INFOPLIST_FILE = YES;
				MARKETING_VERSION = 1.0;
				PRODUCT_BUNDLE_IDENTIFIER = test1.NewAppUITests;
				PRODUCT_NAME = "$(TARGET_NAME)";
				SWIFT_EMIT_LOC_STRINGS = NO;
				SWIFT_VERSION = 5.0;
				TARGETED_DEVICE_FAMILY = "1,2";
				TEST_TARGET_NAME = NewApp;
			};
			name = Release;
		};
/* End XCBuildConfiguration section */

/* Begin XCConfigurationList section */
		EDFD14B228C4AE4900A3E22C /* Build configuration list for PBXProject "NewApp" */ = {
			isa = XCConfigurationList;
			buildConfigurations = (
				EDFD14DF28C4AE4A00A3E22C /* Debug */,
				EDFD14E028C4AE4A00A3E22C /* Release */,
			);
			defaultConfigurationIsVisible = 0;
			defaultConfigurationName = Release;
		};
		EDFD14E128C4AE4A00A3E22C /* Build configuration list for PBXNativeTarget "NewApp" */ = {
			isa = XCConfigurationList;
			buildConfigurations = (
				EDFD14E228C4AE4A00A3E22C /* Debug */,
				EDFD14E328C4AE4A00A3E22C /* Release */,
			);
			defaultConfigurationIsVisible = 0;
			defaultConfigurationName = Release;
		};
		EDFD14E428C4AE4A00A3E22C /* Build configuration list for PBXNativeTarget "NewAppTests" */ = {
			isa = XCConfigurationList;
			buildConfigurations = (
				EDFD14E528C4AE4A00A3E22C /* Debug */,
				EDFD14E628C4AE4A00A3E22C /* Release */,
			);
			defaultConfigurationIsVisible = 0;
			defaultConfigurationName = Release;
		};
		EDFD14E728C4AE4A00A3E22C /* Build configuration list for PBXNativeTarget "NewAppUITests" */ = {
			isa = XCConfigurationList;
			buildConfigurations = (
				EDFD14E828C4AE4A00A3E22C /* Debug */,
				EDFD14E928C4AE4A00A3E22C /* Release */,
			);
			defaultConfigurationIsVisible = 0;
			defaultConfigurationName = Release;
		};
/* End XCConfigurationList section */
	};
	rootObject = EDFD14AF28C4AE4900A3E22C /* Project object */;
}
